{
  "requires": true,
  "lockfileVersion": 1,
  "dependencies": {
    "@progress/kendo-base-components-vue-wrapper": {
      "version": "2020.3.928",
      "resolved": "https://registry.npmjs.org/@progress/kendo-base-components-vue-wrapper/-/kendo-base-components-vue-wrapper-2020.3.928.tgz",
      "integrity": "sha512-/+ns3+62qjn47pD4bvzCZA/HhKVQMTInMGvgwxBu6LVyLjU+UgO9QPNIPg4DzeHlGt3+sZXZw2P7KSYoNTgkPA=="
    },
    "@progress/kendo-theme-default": {
      "version": "4.24.0",
      "resolved": "https://registry.npmjs.org/@progress/kendo-theme-default/-/kendo-theme-default-4.24.0.tgz",
      "integrity": "sha512-7uzM86/4qUh9PIT3CqTYR7+ZtpHs8CyoEsNYYYX1IgEH6iPRu9+n/rqBODTr1K+rtV17qzkWxkLObHkZ22suIQ=="
    },
    "@progress/kendo-ui": {
      "version": "2020.3.915",
      "resolved": "https://registry.npmjs.org/@progress/kendo-ui/-/kendo-ui-2020.3.915.tgz",
      "integrity": "sha512-0AXoVMkyrNgYeFQ/W32e3qNYS4eujgVNKAm12MiQ+DiMVHCu4p0xvCqilRn0mG5A1VxcR1oK+AsoCpDajH/hcg==",
      "requires": {
        "jquery": "3.5.1"
      }
    },
    "@progress/kendo-upload-vue-wrapper": {
      "version": "2020.3.928",
      "resolved": "https://registry.npmjs.org/@progress/kendo-upload-vue-wrapper/-/kendo-upload-vue-wrapper-2020.3.928.tgz",
      "integrity": "sha512-CnU8D8jUOoU0z1C6gcOyUln8dxGb8HkCQP25JRsgqxmCr9YoLIq2HiAquDKwQFDb3p7FprDUzuYAK0IQkWYu/g==",
      "requires": {
        "@progress/kendo-base-components-vue-wrapper": "2020.3.928"
      }
    },
    "jquery": {
      "version": "3.5.1",
      "resolved": "https://registry.npmjs.org/jquery/-/jquery-3.5.1.tgz",
      "integrity": "sha512-XwIBPqcMn57FxfT+Go5pzySnm4KWkT1Tv7gjrpT1srtf8Weynl6R273VJ5GjkRb51IzMp5nbaPjJXMWeju2MKg=="
    }
  }
}
